
Microsoft Visual Studio Solution File, Format Version 12.00
# Visual Studio Version 17
VisualStudioVersion = 17.0.31903.59
MinimumVisualStudioVersion = 10.0.40219.1
Project("{2150E333-8FDC-42A3-9474-1A3956D46DE8}") = "c#", "c#", "{36956A5E-F8F0-4BC9-805C-AB498C983AEF}"
EndProject
Project("{FAE04EC0-301F-11D3-BF4B-00C04F79EFBC}") = "c#-fibonacci", "c#\fibonacci\c#-fibonacci.csproj", "{E82DD729-63BA-4C2D-BD59-FB376E9ED71E}"
EndProject
Project("{FAE04EC0-301F-11D3-BF4B-00C04F79EFBC}") = "c#-greeter", "c#\greeter\c#-greeter.csproj", "{6DB397DB-A793-45CB-A25A-8C7EB0F51500}"
EndProject
Project("{FAE04EC0-301F-11D3-BF4B-00C04F79EFBC}") = "c#-hello", "c#\hello\c#-hello.csproj", "{A3899D87-16B8-4DFC-A954-BC943A1C9731}"
EndProject
Project("{2150E333-8FDC-42A3-9474-1A3956D46DE8}") = "f#", "f#", "{5516B32F-3E49-4B0F-A478-D6FF33C786CC}"
EndProject
Project("{F2A71F9B-5D33-465A-A702-920D77279786}") = "f#-fibonacci", "f#\fibonacci\f#-fibonacci.fsproj", "{346E4BB3-532F-4381-AA20-184A81599837}"
EndProject
Project("{F2A71F9B-5D33-465A-A702-920D77279786}") = "f#-hello", "f#\hello\f#-hello.fsproj", "{940D93A5-C51C-4E55-B678-D16B18817FC5}"
EndProject
Project("{2150E333-8FDC-42A3-9474-1A3956D46DE8}") = "q#", "q#", "{8B2EF110-BF15-4A6F-8563-6DD4D2BFA7E8}"
EndProject
Project("{FAE04EC0-301F-11D3-BF4B-00C04F79EFBC}") = "q#-hello", "q#\hello\q#-hello.csproj", "{886FC691-36AF-4868-A6F0-E06B73CC37ED}"
EndProject
Global
	GlobalSection(SolutionConfigurationPlatforms) = preSolution
		Debug|Any CPU = Debug|Any CPU
		Release|Any CPU = Release|Any CPU
	EndGlobalSection
	GlobalSection(SolutionProperties) = preSolution
		HideSolutionNode = FALSE
	EndGlobalSection
	GlobalSection(ProjectConfigurationPlatforms) = postSolution
		{E82DD729-63BA-4C2D-BD59-FB376E9ED71E}.Debug|Any CPU.ActiveCfg = Debug|Any CPU
		{E82DD729-63BA-4C2D-BD59-FB376E9ED71E}.Debug|Any CPU.Build.0 = Debug|Any CPU
		{E82DD729-63BA-4C2D-BD59-FB376E9ED71E}.Release|Any CPU.ActiveCfg = Release|Any CPU
		{E82DD729-63BA-4C2D-BD59-FB376E9ED71E}.Release|Any CPU.Build.0 = Release|Any CPU
		{6DB397DB-A793-45CB-A25A-8C7EB0F51500}.Debug|Any CPU.ActiveCfg = Debug|Any CPU
		{6DB397DB-A793-45CB-A25A-8C7EB0F51500}.Debug|Any CPU.Build.0 = Debug|Any CPU
		{6DB397DB-A793-45CB-A25A-8C7EB0F51500}.Release|Any CPU.ActiveCfg = Release|Any CPU
		{6DB397DB-A793-45CB-A25A-8C7EB0F51500}.Release|Any CPU.Build.0 = Release|Any CPU
		{A3899D87-16B8-4DFC-A954-BC943A1C9731}.Debug|Any CPU.ActiveCfg = Debug|Any CPU
		{A3899D87-16B8-4DFC-A954-BC943A1C9731}.Debug|Any CPU.Build.0 = Debug|Any CPU
		{A3899D87-16B8-4DFC-A954-BC943A1C9731}.Release|Any CPU.ActiveCfg = Release|Any CPU
		{A3899D87-16B8-4DFC-A954-BC943A1C9731}.Release|Any CPU.Build.0 = Release|Any CPU
		{346E4BB3-532F-4381-AA20-184A81599837}.Debug|Any CPU.ActiveCfg = Debug|Any CPU
		{346E4BB3-532F-4381-AA20-184A81599837}.Debug|Any CPU.Build.0 = Debug|Any CPU
		{346E4BB3-532F-4381-AA20-184A81599837}.Release|Any CPU.ActiveCfg = Release|Any CPU
		{346E4BB3-532F-4381-AA20-184A81599837}.Release|Any CPU.Build.0 = Release|Any CPU
		{940D93A5-C51C-4E55-B678-D16B18817FC5}.Debug|Any CPU.ActiveCfg = Debug|Any CPU
		{940D93A5-C51C-4E55-B678-D16B18817FC5}.Debug|Any CPU.Build.0 = Debug|Any CPU
		{940D93A5-C51C-4E55-B678-D16B18817FC5}.Release|Any CPU.ActiveCfg = Release|Any CPU
		{940D93A5-C51C-4E55-B678-D16B18817FC5}.Release|Any CPU.Build.0 = Release|Any CPU
		{886FC691-36AF-4868-A6F0-E06B73CC37ED}.Debug|Any CPU.ActiveCfg = Debug|Any CPU
		{886FC691-36AF-4868-A6F0-E06B73CC37ED}.Debug|Any CPU.Build.0 = Debug|Any CPU
		{886FC691-36AF-4868-A6F0-E06B73CC37ED}.Release|Any CPU.ActiveCfg = Release|Any CPU
		{886FC691-36AF-4868-A6F0-E06B73CC37ED}.Release|Any CPU.Build.0 = Release|Any CPU
	EndGlobalSection
	GlobalSection(NestedProjects) = preSolution
		{E82DD729-63BA-4C2D-BD59-FB376E9ED71E} = {36956A5E-F8F0-4BC9-805C-AB498C983AEF}
		{6DB397DB-A793-45CB-A25A-8C7EB0F51500} = {36956A5E-F8F0-4BC9-805C-AB498C983AEF}
		{A3899D87-16B8-4DFC-A954-BC943A1C9731} = {36956A5E-F8F0-4BC9-805C-AB498C983AEF}
		{346E4BB3-532F-4381-AA20-184A81599837} = {5516B32F-3E49-4B0F-A478-D6FF33C786CC}
		{940D93A5-C51C-4E55-B678-D16B18817FC5} = {5516B32F-3E49-4B0F-A478-D6FF33C786CC}
		{886FC691-36AF-4868-A6F0-E06B73CC37ED} = {8B2EF110-BF15-4A6F-8563-6DD4D2BFA7E8}
	EndGlobalSection
EndGlobal
