
Microsoft Visual Studio Solution File, Format Version 12.00
# Visual Studio Version 17
VisualStudioVersion = 17.0.31903.59
MinimumVisualStudioVersion = 10.0.40219.1
Project("{2150E333-8FDC-42A3-9474-1A3956D46DE8}") = "c#", "c#", "{45D0A1FA-7575-4425-B6AF-492FE911393C}"
EndProject
Project("{FAE04EC0-301F-11D3-BF4B-00C04F79EFBC}") = "c#-fibonacci", "c#\fibonacci\c#-fibonacci.csproj", "{7E878B6B-32D1-4C6E-8125-583E92D9E840}"
EndProject
Project("{FAE04EC0-301F-11D3-BF4B-00C04F79EFBC}") = "c#-greeter", "c#\greeter\c#-greeter.csproj", "{BD335C8C-81FF-48DB-9083-228DE07C4424}"
EndProject
Project("{FAE04EC0-301F-11D3-BF4B-00C04F79EFBC}") = "c#-hello", "c#\hello\c#-hello.csproj", "{2E848236-1FC0-4E05-9B46-C5035FC51DBA}"
EndProject
Project("{2150E333-8FDC-42A3-9474-1A3956D46DE8}") = "f#", "f#", "{93FF1924-9FA8-457A-BA8D-476FC1DB7087}"
EndProject
Project("{F2A71F9B-5D33-465A-A702-920D77279786}") = "f#-fibonacci", "f#\fibonacci\f#-fibonacci.fsproj", "{33459ADA-C9C2-40F4-9DA7-2F0C5C318409}"
EndProject
Project("{F2A71F9B-5D33-465A-A702-920D77279786}") = "f#-fibonacci", "f#\hello\f#-fibonacci.fsproj", "{96D275C6-3806-4173-812B-B1BB6B0DB445}"
EndProject
Global
	GlobalSection(SolutionConfigurationPlatforms) = preSolution
		Debug|Any CPU = Debug|Any CPU
		Release|Any CPU = Release|Any CPU
	EndGlobalSection
	GlobalSection(SolutionProperties) = preSolution
		HideSolutionNode = FALSE
	EndGlobalSection
	GlobalSection(ProjectConfigurationPlatforms) = postSolution
		{7E878B6B-32D1-4C6E-8125-583E92D9E840}.Debug|Any CPU.ActiveCfg = Debug|Any CPU
		{7E878B6B-32D1-4C6E-8125-583E92D9E840}.Debug|Any CPU.Build.0 = Debug|Any CPU
		{7E878B6B-32D1-4C6E-8125-583E92D9E840}.Release|Any CPU.ActiveCfg = Release|Any CPU
		{7E878B6B-32D1-4C6E-8125-583E92D9E840}.Release|Any CPU.Build.0 = Release|Any CPU
		{BD335C8C-81FF-48DB-9083-228DE07C4424}.Debug|Any CPU.ActiveCfg = Debug|Any CPU
		{BD335C8C-81FF-48DB-9083-228DE07C4424}.Debug|Any CPU.Build.0 = Debug|Any CPU
		{BD335C8C-81FF-48DB-9083-228DE07C4424}.Release|Any CPU.ActiveCfg = Release|Any CPU
		{BD335C8C-81FF-48DB-9083-228DE07C4424}.Release|Any CPU.Build.0 = Release|Any CPU
		{2E848236-1FC0-4E05-9B46-C5035FC51DBA}.Debug|Any CPU.ActiveCfg = Debug|Any CPU
		{2E848236-1FC0-4E05-9B46-C5035FC51DBA}.Debug|Any CPU.Build.0 = Debug|Any CPU
		{2E848236-1FC0-4E05-9B46-C5035FC51DBA}.Release|Any CPU.ActiveCfg = Release|Any CPU
		{2E848236-1FC0-4E05-9B46-C5035FC51DBA}.Release|Any CPU.Build.0 = Release|Any CPU
		{33459ADA-C9C2-40F4-9DA7-2F0C5C318409}.Debug|Any CPU.ActiveCfg = Debug|Any CPU
		{33459ADA-C9C2-40F4-9DA7-2F0C5C318409}.Debug|Any CPU.Build.0 = Debug|Any CPU
		{33459ADA-C9C2-40F4-9DA7-2F0C5C318409}.Release|Any CPU.ActiveCfg = Release|Any CPU
		{33459ADA-C9C2-40F4-9DA7-2F0C5C318409}.Release|Any CPU.Build.0 = Release|Any CPU
		{96D275C6-3806-4173-812B-B1BB6B0DB445}.Debug|Any CPU.ActiveCfg = Debug|Any CPU
		{96D275C6-3806-4173-812B-B1BB6B0DB445}.Debug|Any CPU.Build.0 = Debug|Any CPU
		{96D275C6-3806-4173-812B-B1BB6B0DB445}.Release|Any CPU.ActiveCfg = Release|Any CPU
		{96D275C6-3806-4173-812B-B1BB6B0DB445}.Release|Any CPU.Build.0 = Release|Any CPU
	EndGlobalSection
	GlobalSection(NestedProjects) = preSolution
		{7E878B6B-32D1-4C6E-8125-583E92D9E840} = {45D0A1FA-7575-4425-B6AF-492FE911393C}
		{BD335C8C-81FF-48DB-9083-228DE07C4424} = {45D0A1FA-7575-4425-B6AF-492FE911393C}
		{2E848236-1FC0-4E05-9B46-C5035FC51DBA} = {45D0A1FA-7575-4425-B6AF-492FE911393C}
		{33459ADA-C9C2-40F4-9DA7-2F0C5C318409} = {93FF1924-9FA8-457A-BA8D-476FC1DB7087}
		{96D275C6-3806-4173-812B-B1BB6B0DB445} = {93FF1924-9FA8-457A-BA8D-476FC1DB7087}
	EndGlobalSection
EndGlobal
